// !$*UTF8*$!
{
	archiveVersion = 1;
	classes = {
	};
	objectVersion = 56;
	objects = {

/* Begin PBXBuildFile section */
		DC2A9DB22BA0351E0018563A /* GeneralSettings.swift in Sources */ = {isa = PBXBuildFile; fileRef = DC2A9DB12BA0351E0018563A /* GeneralSettings.swift */; };
		DC2A9DB42BA04D380018563A /* URLSession+Async.swift in Sources */ = {isa = PBXBuildFile; fileRef = DC2A9DB32BA04D380018563A /* URLSession+Async.swift */; };
		DC2A9DB62BA04DD50018563A /* GraphQLOperation.swift in Sources */ = {isa = PBXBuildFile; fileRef = DC2A9DB52BA04DD40018563A /* GraphQLOperation.swift */; };
		DC2A9DB82BA04E640018563A /* GraphQLResult.swift in Sources */ = {isa = PBXBuildFile; fileRef = DC2A9DB72BA04E640018563A /* GraphQLResult.swift */; };
		DC2A9DBA2BA04EB70018563A /* GraphQLAPI.swift in Sources */ = {isa = PBXBuildFile; fileRef = DC2A9DB92BA04EB70018563A /* GraphQLAPI.swift */; };
		DC2A9DBD2BA050340018563A /* Car.swift in Sources */ = {isa = PBXBuildFile; fileRef = DC2A9DBC2BA050340018563A /* Car.swift */; };
		DC2A9DBF2BA050AE0018563A /* Account.swift in Sources */ = {isa = PBXBuildFile; fileRef = DC2A9DBE2BA050AE0018563A /* Account.swift */; };
		DC2A9DC12BA053B50018563A /* Entry.swift in Sources */ = {isa = PBXBuildFile; fileRef = DC2A9DC02BA053B50018563A /* Entry.swift */; };
		DC2A9DC32BA054BB0018563A /* ListCars.swift in Sources */ = {isa = PBXBuildFile; fileRef = DC2A9DC22BA054BB0018563A /* ListCars.swift */; };
		DC43B9642BCD091E00F0145D /* CarController.swift in Sources */ = {isa = PBXBuildFile; fileRef = DC43B9632BCD091E00F0145D /* CarController.swift */; };
		DC43B9662BCD143D00F0145D /* EntryController.swift in Sources */ = {isa = PBXBuildFile; fileRef = DC43B9652BCD143D00F0145D /* EntryController.swift */; };
		DC43B9682BCD1A1F00F0145D /* Loader.swift in Sources */ = {isa = PBXBuildFile; fileRef = DC43B9672BCD1A1F00F0145D /* Loader.swift */; };
		DC43B96A2BCD1B1E00F0145D /* EntryListItem.swift in Sources */ = {isa = PBXBuildFile; fileRef = DC43B9692BCD1B1E00F0145D /* EntryListItem.swift */; };
		DC43B96C2BCD257100F0145D /* EntryView.swift in Sources */ = {isa = PBXBuildFile; fileRef = DC43B96B2BCD257100F0145D /* EntryView.swift */; };
		DC65C3312BCA6746001990F9 /* GoogleSignIn in Frameworks */ = {isa = PBXBuildFile; productRef = DC65C3302BCA6746001990F9 /* GoogleSignIn */; };
		DC65C3332BCA6746001990F9 /* GoogleSignInSwift in Frameworks */ = {isa = PBXBuildFile; productRef = DC65C3322BCA6746001990F9 /* GoogleSignInSwift */; };
		DC78B5702B9BBEB400A8D964 /* MileageMasterApp.swift in Sources */ = {isa = PBXBuildFile; fileRef = DC78B56F2B9BBEB400A8D964 /* MileageMasterApp.swift */; };
		DC78B5742B9BBEB600A8D964 /* Assets.xcassets in Resources */ = {isa = PBXBuildFile; fileRef = DC78B5732B9BBEB600A8D964 /* Assets.xcassets */; };
		DC78B5772B9BBEB600A8D964 /* Preview Assets.xcassets in Resources */ = {isa = PBXBuildFile; fileRef = DC78B5762B9BBEB600A8D964 /* Preview Assets.xcassets */; };
		DC78B5812B9BBEB600A8D964 /* MileageMasterTests.swift in Sources */ = {isa = PBXBuildFile; fileRef = DC78B5802B9BBEB600A8D964 /* MileageMasterTests.swift */; };
		DC78B58B2B9BBEB600A8D964 /* MileageMasterUITests.swift in Sources */ = {isa = PBXBuildFile; fileRef = DC78B58A2B9BBEB600A8D964 /* MileageMasterUITests.swift */; };
		DC78B58D2B9BBEB600A8D964 /* MileageMasterUITestsLaunchTests.swift in Sources */ = {isa = PBXBuildFile; fileRef = DC78B58C2B9BBEB600A8D964 /* MileageMasterUITestsLaunchTests.swift */; };
		DC78B5A12B9BC0FA00A8D964 /* Main.swift in Sources */ = {isa = PBXBuildFile; fileRef = DC78B5A02B9BC0FA00A8D964 /* Main.swift */; };
		DC78B5A52B9BC59300A8D964 /* Dashboard.swift in Sources */ = {isa = PBXBuildFile; fileRef = DC78B5A42B9BC59300A8D964 /* Dashboard.swift */; };
		DC78B5A72B9BC59D00A8D964 /* ServiceBook.swift in Sources */ = {isa = PBXBuildFile; fileRef = DC78B5A62B9BC59D00A8D964 /* ServiceBook.swift */; };
		DC78B5A92B9BC5AE00A8D964 /* RefillLogs.swift in Sources */ = {isa = PBXBuildFile; fileRef = DC78B5A82B9BC5AE00A8D964 /* RefillLogs.swift */; };
		DC78B5AB2B9BC5B500A8D964 /* Settings.swift in Sources */ = {isa = PBXBuildFile; fileRef = DC78B5AA2B9BC5B500A8D964 /* Settings.swift */; };
		DC78B5AD2B9C02AD00A8D964 /* LineGraph.swift in Sources */ = {isa = PBXBuildFile; fileRef = DC78B5AC2B9C02AD00A8D964 /* LineGraph.swift */; };
		DC78B5AF2B9C3EBD00A8D964 /* ChartContainer.swift in Sources */ = {isa = PBXBuildFile; fileRef = DC78B5AE2B9C3EBD00A8D964 /* ChartContainer.swift */; };
		DCBE85242BCCE0BA00DC64E5 /* MileageMasterData.swift in Sources */ = {isa = PBXBuildFile; fileRef = DCBE85232BCCE0BA00DC64E5 /* MileageMasterData.swift */; };
		DCD97F562BA28979002DAFE5 /* MyCars.swift in Sources */ = {isa = PBXBuildFile; fileRef = DCD97F552BA28979002DAFE5 /* MyCars.swift */; };
		DCD97F5A2BA28C74002DAFE5 /* CarView.swift in Sources */ = {isa = PBXBuildFile; fileRef = DCD97F592BA28C74002DAFE5 /* CarView.swift */; };
		DCD9A2342BCE1B44000DBBED /* OpenViewBtn.swift in Sources */ = {isa = PBXBuildFile; fileRef = DCD9A2332BCE1B44000DBBED /* OpenViewBtn.swift */; };
/* End PBXBuildFile section */

/* Begin PBXContainerItemProxy section */
		DC78B57D2B9BBEB600A8D964 /* PBXContainerItemProxy */ = {
			isa = PBXContainerItemProxy;
			containerPortal = DC78B5642B9BBEB400A8D964 /* Project object */;
			proxyType = 1;
			remoteGlobalIDString = DC78B56B2B9BBEB400A8D964;
			remoteInfo = MileageMaster;
		};
		DC78B5872B9BBEB600A8D964 /* PBXContainerItemProxy */ = {
			isa = PBXContainerItemProxy;
			containerPortal = DC78B5642B9BBEB400A8D964 /* Project object */;
			proxyType = 1;
			remoteGlobalIDString = DC78B56B2B9BBEB400A8D964;
			remoteInfo = MileageMaster;
		};
/* End PBXContainerItemProxy section */

/* Begin PBXFileReference section */
		DC2A9DB12BA0351E0018563A /* GeneralSettings.swift */ = {isa = PBXFileReference; lastKnownFileType = sourcecode.swift; path = GeneralSettings.swift; sourceTree = "<group>"; };
		DC2A9DB32BA04D380018563A /* URLSession+Async.swift */ = {isa = PBXFileReference; lastKnownFileType = sourcecode.swift; path = "URLSession+Async.swift"; sourceTree = "<group>"; };
		DC2A9DB52BA04DD40018563A /* GraphQLOperation.swift */ = {isa = PBXFileReference; lastKnownFileType = sourcecode.swift; path = GraphQLOperation.swift; sourceTree = "<group>"; };
		DC2A9DB72BA04E640018563A /* GraphQLResult.swift */ = {isa = PBXFileReference; lastKnownFileType = sourcecode.swift; path = GraphQLResult.swift; sourceTree = "<group>"; };
		DC2A9DB92BA04EB70018563A /* GraphQLAPI.swift */ = {isa = PBXFileReference; lastKnownFileType = sourcecode.swift; path = GraphQLAPI.swift; sourceTree = "<group>"; };
		DC2A9DBC2BA050340018563A /* Car.swift */ = {isa = PBXFileReference; lastKnownFileType = sourcecode.swift; path = Car.swift; sourceTree = "<group>"; };
		DC2A9DBE2BA050AE0018563A /* Account.swift */ = {isa = PBXFileReference; lastKnownFileType = sourcecode.swift; path = Account.swift; sourceTree = "<group>"; };
		DC2A9DC02BA053B50018563A /* Entry.swift */ = {isa = PBXFileReference; lastKnownFileType = sourcecode.swift; path = Entry.swift; sourceTree = "<group>"; };
		DC2A9DC22BA054BB0018563A /* ListCars.swift */ = {isa = PBXFileReference; lastKnownFileType = sourcecode.swift; path = ListCars.swift; sourceTree = "<group>"; };
		DC43B9632BCD091E00F0145D /* CarController.swift */ = {isa = PBXFileReference; lastKnownFileType = sourcecode.swift; path = CarController.swift; sourceTree = "<group>"; };
		DC43B9652BCD143D00F0145D /* EntryController.swift */ = {isa = PBXFileReference; lastKnownFileType = sourcecode.swift; path = EntryController.swift; sourceTree = "<group>"; };
		DC43B9672BCD1A1F00F0145D /* Loader.swift */ = {isa = PBXFileReference; lastKnownFileType = sourcecode.swift; path = Loader.swift; sourceTree = "<group>"; };
		DC43B9692BCD1B1E00F0145D /* EntryListItem.swift */ = {isa = PBXFileReference; lastKnownFileType = sourcecode.swift; path = EntryListItem.swift; sourceTree = "<group>"; };
		DC43B96B2BCD257100F0145D /* EntryView.swift */ = {isa = PBXFileReference; lastKnownFileType = sourcecode.swift; path = EntryView.swift; sourceTree = "<group>"; };
		DC65C3342BCA6A67001990F9 /* Info.plist */ = {isa = PBXFileReference; lastKnownFileType = text.plist.xml; path = Info.plist; sourceTree = "<group>"; };
		DC78B56C2B9BBEB400A8D964 /* MileageMaster.app */ = {isa = PBXFileReference; explicitFileType = wrapper.application; includeInIndex = 0; path = MileageMaster.app; sourceTree = BUILT_PRODUCTS_DIR; };
		DC78B56F2B9BBEB400A8D964 /* MileageMasterApp.swift */ = {isa = PBXFileReference; lastKnownFileType = sourcecode.swift; path = MileageMasterApp.swift; sourceTree = "<group>"; };
		DC78B5732B9BBEB600A8D964 /* Assets.xcassets */ = {isa = PBXFileReference; lastKnownFileType = folder.assetcatalog; path = Assets.xcassets; sourceTree = "<group>"; };
		DC78B5762B9BBEB600A8D964 /* Preview Assets.xcassets */ = {isa = PBXFileReference; lastKnownFileType = folder.assetcatalog; path = "Preview Assets.xcassets"; sourceTree = "<group>"; };
		DC78B57C2B9BBEB600A8D964 /* MileageMasterTests.xctest */ = {isa = PBXFileReference; explicitFileType = wrapper.cfbundle; includeInIndex = 0; path = MileageMasterTests.xctest; sourceTree = BUILT_PRODUCTS_DIR; };
		DC78B5802B9BBEB600A8D964 /* MileageMasterTests.swift */ = {isa = PBXFileReference; lastKnownFileType = sourcecode.swift; path = MileageMasterTests.swift; sourceTree = "<group>"; };
		DC78B5862B9BBEB600A8D964 /* MileageMasterUITests.xctest */ = {isa = PBXFileReference; explicitFileType = wrapper.cfbundle; includeInIndex = 0; path = MileageMasterUITests.xctest; sourceTree = BUILT_PRODUCTS_DIR; };
		DC78B58A2B9BBEB600A8D964 /* MileageMasterUITests.swift */ = {isa = PBXFileReference; lastKnownFileType = sourcecode.swift; path = MileageMasterUITests.swift; sourceTree = "<group>"; };
		DC78B58C2B9BBEB600A8D964 /* MileageMasterUITestsLaunchTests.swift */ = {isa = PBXFileReference; lastKnownFileType = sourcecode.swift; path = MileageMasterUITestsLaunchTests.swift; sourceTree = "<group>"; };
		DC78B5A02B9BC0FA00A8D964 /* Main.swift */ = {isa = PBXFileReference; lastKnownFileType = sourcecode.swift; path = Main.swift; sourceTree = "<group>"; };
		DC78B5A42B9BC59300A8D964 /* Dashboard.swift */ = {isa = PBXFileReference; lastKnownFileType = sourcecode.swift; path = Dashboard.swift; sourceTree = "<group>"; };
		DC78B5A62B9BC59D00A8D964 /* ServiceBook.swift */ = {isa = PBXFileReference; lastKnownFileType = sourcecode.swift; path = ServiceBook.swift; sourceTree = "<group>"; };
		DC78B5A82B9BC5AE00A8D964 /* RefillLogs.swift */ = {isa = PBXFileReference; lastKnownFileType = sourcecode.swift; path = RefillLogs.swift; sourceTree = "<group>"; };
		DC78B5AA2B9BC5B500A8D964 /* Settings.swift */ = {isa = PBXFileReference; lastKnownFileType = sourcecode.swift; path = Settings.swift; sourceTree = "<group>"; };
		DC78B5AC2B9C02AD00A8D964 /* LineGraph.swift */ = {isa = PBXFileReference; lastKnownFileType = sourcecode.swift; path = LineGraph.swift; sourceTree = "<group>"; };
		DC78B5AE2B9C3EBD00A8D964 /* ChartContainer.swift */ = {isa = PBXFileReference; lastKnownFileType = sourcecode.swift; path = ChartContainer.swift; sourceTree = "<group>"; };
		DC89F34A2BCA720D00356A73 /* Info.plist */ = {isa = PBXFileReference; lastKnownFileType = text.plist; path = Info.plist; sourceTree = "<group>"; };
		DCBE85232BCCE0BA00DC64E5 /* MileageMasterData.swift */ = {isa = PBXFileReference; lastKnownFileType = sourcecode.swift; path = MileageMasterData.swift; sourceTree = "<group>"; };
		DCD97F552BA28979002DAFE5 /* MyCars.swift */ = {isa = PBXFileReference; lastKnownFileType = sourcecode.swift; path = MyCars.swift; sourceTree = "<group>"; };
		DCD97F592BA28C74002DAFE5 /* CarView.swift */ = {isa = PBXFileReference; lastKnownFileType = sourcecode.swift; path = CarView.swift; sourceTree = "<group>"; };
		DCD9A2332BCE1B44000DBBED /* OpenViewBtn.swift */ = {isa = PBXFileReference; lastKnownFileType = sourcecode.swift; path = OpenViewBtn.swift; sourceTree = "<group>"; };
/* End PBXFileReference section */

/* Begin PBXFrameworksBuildPhase section */
		DC78B5692B9BBEB400A8D964 /* Frameworks */ = {
			isa = PBXFrameworksBuildPhase;
			buildActionMask = 2147483647;
			files = (
				DC65C3312BCA6746001990F9 /* GoogleSignIn in Frameworks */,
				DC65C3332BCA6746001990F9 /* GoogleSignInSwift in Frameworks */,
			);
			runOnlyForDeploymentPostprocessing = 0;
		};
		DC78B5792B9BBEB600A8D964 /* Frameworks */ = {
			isa = PBXFrameworksBuildPhase;
			buildActionMask = 2147483647;
			files = (
			);
			runOnlyForDeploymentPostprocessing = 0;
		};
		DC78B5832B9BBEB600A8D964 /* Frameworks */ = {
			isa = PBXFrameworksBuildPhase;
			buildActionMask = 2147483647;
			files = (
			);
			runOnlyForDeploymentPostprocessing = 0;
		};
/* End PBXFrameworksBuildPhase section */

/* Begin PBXGroup section */
		DC2A9DB02BA035010018563A /* GeneralSettings */ = {
			isa = PBXGroup;
			children = (
				DC2A9DB12BA0351E0018563A /* GeneralSettings.swift */,
			);
			path = GeneralSettings;
			sourceTree = "<group>";
		};
		DC2A9DBB2BA050060018563A /* DataModels */ = {
			isa = PBXGroup;
			children = (
				DC2A9DBC2BA050340018563A /* Car.swift */,
				DC2A9DBE2BA050AE0018563A /* Account.swift */,
				DC2A9DC02BA053B50018563A /* Entry.swift */,
				DCBE85232BCCE0BA00DC64E5 /* MileageMasterData.swift */,
			);
			path = DataModels;
			sourceTree = "<group>";
		};
		DC78B5632B9BBEB400A8D964 = {
			isa = PBXGroup;
			children = (
				DC78B56E2B9BBEB400A8D964 /* MileageMaster */,
				DC78B57F2B9BBEB600A8D964 /* MileageMasterTests */,
				DC78B5892B9BBEB600A8D964 /* MileageMasterUITests */,
				DC78B56D2B9BBEB400A8D964 /* Products */,
			);
			sourceTree = "<group>";
		};
		DC78B56D2B9BBEB400A8D964 /* Products */ = {
			isa = PBXGroup;
			children = (
				DC78B56C2B9BBEB400A8D964 /* MileageMaster.app */,
				DC78B57C2B9BBEB600A8D964 /* MileageMasterTests.xctest */,
				DC78B5862B9BBEB600A8D964 /* MileageMasterUITests.xctest */,
			);
			name = Products;
			sourceTree = "<group>";
		};
		DC78B56E2B9BBEB400A8D964 /* MileageMaster */ = {
			isa = PBXGroup;
			children = (
				DC89F34A2BCA720D00356A73 /* Info.plist */,
				DC78B59B2B9BBF1100A8D964 /* Controller */,
				DC78B59A2B9BBF0C00A8D964 /* View */,
				DC78B5992B9BBF0400A8D964 /* Model */,
				DC78B56F2B9BBEB400A8D964 /* MileageMasterApp.swift */,
				DC78B5732B9BBEB600A8D964 /* Assets.xcassets */,
				DC78B5752B9BBEB600A8D964 /* Preview Content */,
				DC65C3342BCA6A67001990F9 /* Info.plist */,
			);
			path = MileageMaster;
			sourceTree = "<group>";
		};
		DC78B5752B9BBEB600A8D964 /* Preview Content */ = {
			isa = PBXGroup;
			children = (
				DC78B5762B9BBEB600A8D964 /* Preview Assets.xcassets */,
			);
			path = "Preview Content";
			sourceTree = "<group>";
		};
		DC78B57F2B9BBEB600A8D964 /* MileageMasterTests */ = {
			isa = PBXGroup;
			children = (
				DC78B5802B9BBEB600A8D964 /* MileageMasterTests.swift */,
			);
			path = MileageMasterTests;
			sourceTree = "<group>";
		};
		DC78B5892B9BBEB600A8D964 /* MileageMasterUITests */ = {
			isa = PBXGroup;
			children = (
				DC78B58A2B9BBEB600A8D964 /* MileageMasterUITests.swift */,
				DC78B58C2B9BBEB600A8D964 /* MileageMasterUITestsLaunchTests.swift */,
			);
			path = MileageMasterUITests;
			sourceTree = "<group>";
		};
		DC78B5992B9BBF0400A8D964 /* Model */ = {
			isa = PBXGroup;
			children = (
				DC2A9DBB2BA050060018563A /* DataModels */,
				DC2A9DB32BA04D380018563A /* URLSession+Async.swift */,
				DC2A9DB52BA04DD40018563A /* GraphQLOperation.swift */,
				DC2A9DB72BA04E640018563A /* GraphQLResult.swift */,
				DC2A9DB92BA04EB70018563A /* GraphQLAPI.swift */,
			);
			path = Model;
			sourceTree = "<group>";
		};
		DC78B59A2B9BBF0C00A8D964 /* View */ = {
			isa = PBXGroup;
			children = (
				DC78B59C2B9BBF3500A8D964 /* Dashboard */,
				DC78B59F2B9BBF6100A8D964 /* ServiceBook */,
				DC78B59E2B9BBF5300A8D964 /* RefillLogs */,
				DC78B59D2B9BBF4A00A8D964 /* Settings */,
				DC78B5A02B9BC0FA00A8D964 /* Main.swift */,
				DC43B9672BCD1A1F00F0145D /* Loader.swift */,
			);
			path = View;
			sourceTree = "<group>";
		};
		DC78B59B2B9BBF1100A8D964 /* Controller */ = {
			isa = PBXGroup;
			children = (
				DC2A9DC22BA054BB0018563A /* ListCars.swift */,
				DC43B9632BCD091E00F0145D /* CarController.swift */,
				DC43B9652BCD143D00F0145D /* EntryController.swift */,
			);
			path = Controller;
			sourceTree = "<group>";
		};
		DC78B59C2B9BBF3500A8D964 /* Dashboard */ = {
			isa = PBXGroup;
			children = (
				DC78B5A42B9BC59300A8D964 /* Dashboard.swift */,
				DC78B5AC2B9C02AD00A8D964 /* LineGraph.swift */,
				DC78B5AE2B9C3EBD00A8D964 /* ChartContainer.swift */,
				DCD9A2332BCE1B44000DBBED /* OpenViewBtn.swift */,
			);
			path = Dashboard;
			sourceTree = "<group>";
		};
		DC78B59D2B9BBF4A00A8D964 /* Settings */ = {
			isa = PBXGroup;
			children = (
				DCD97F542BA2895B002DAFE5 /* MyCars */,
				DC2A9DB02BA035010018563A /* GeneralSettings */,
				DC78B5AA2B9BC5B500A8D964 /* Settings.swift */,
			);
			path = Settings;
			sourceTree = "<group>";
		};
		DC78B59E2B9BBF5300A8D964 /* RefillLogs */ = {
			isa = PBXGroup;
			children = (
				DC78B5A82B9BC5AE00A8D964 /* RefillLogs.swift */,
				DC43B9692BCD1B1E00F0145D /* EntryListItem.swift */,
				DC43B96B2BCD257100F0145D /* EntryView.swift */,
			);
			path = RefillLogs;
			sourceTree = "<group>";
		};
		DC78B59F2B9BBF6100A8D964 /* ServiceBook */ = {
			isa = PBXGroup;
			children = (
				DC78B5A62B9BC59D00A8D964 /* ServiceBook.swift */,
			);
			path = ServiceBook;
			sourceTree = "<group>";
		};
		DCD97F542BA2895B002DAFE5 /* MyCars */ = {
			isa = PBXGroup;
			children = (
				DCD97F552BA28979002DAFE5 /* MyCars.swift */,
				DCD97F592BA28C74002DAFE5 /* CarView.swift */,
			);
			path = MyCars;
			sourceTree = "<group>";
		};
/* End PBXGroup section */

/* Begin PBXNativeTarget section */
		DC78B56B2B9BBEB400A8D964 /* MileageMaster */ = {
			isa = PBXNativeTarget;
			buildConfigurationList = DC78B5902B9BBEB600A8D964 /* Build configuration list for PBXNativeTarget "MileageMaster" */;
			buildPhases = (
				DC78B5682B9BBEB400A8D964 /* Sources */,
				DC78B5692B9BBEB400A8D964 /* Frameworks */,
				DC78B56A2B9BBEB400A8D964 /* Resources */,
			);
			buildRules = (
			);
			dependencies = (
			);
			name = MileageMaster;
			packageProductDependencies = (
				DC65C3302BCA6746001990F9 /* GoogleSignIn */,
				DC65C3322BCA6746001990F9 /* GoogleSignInSwift */,
			);
			productName = MileageMaster;
			productReference = DC78B56C2B9BBEB400A8D964 /* MileageMaster.app */;
			productType = "com.apple.product-type.application";
		};
		DC78B57B2B9BBEB600A8D964 /* MileageMasterTests */ = {
			isa = PBXNativeTarget;
			buildConfigurationList = DC78B5932B9BBEB600A8D964 /* Build configuration list for PBXNativeTarget "MileageMasterTests" */;
			buildPhases = (
				DC78B5782B9BBEB600A8D964 /* Sources */,
				DC78B5792B9BBEB600A8D964 /* Frameworks */,
				DC78B57A2B9BBEB600A8D964 /* Resources */,
			);
			buildRules = (
			);
			dependencies = (
				DC78B57E2B9BBEB600A8D964 /* PBXTargetDependency */,
			);
			name = MileageMasterTests;
			productName = MileageMasterTests;
			productReference = DC78B57C2B9BBEB600A8D964 /* MileageMasterTests.xctest */;
			productType = "com.apple.product-type.bundle.unit-test";
		};
		DC78B5852B9BBEB600A8D964 /* MileageMasterUITests */ = {
			isa = PBXNativeTarget;
			buildConfigurationList = DC78B5962B9BBEB600A8D964 /* Build configuration list for PBXNativeTarget "MileageMasterUITests" */;
			buildPhases = (
				DC78B5822B9BBEB600A8D964 /* Sources */,
				DC78B5832B9BBEB600A8D964 /* Frameworks */,
				DC78B5842B9BBEB600A8D964 /* Resources */,
			);
			buildRules = (
			);
			dependencies = (
				DC78B5882B9BBEB600A8D964 /* PBXTargetDependency */,
			);
			name = MileageMasterUITests;
			productName = MileageMasterUITests;
			productReference = DC78B5862B9BBEB600A8D964 /* MileageMasterUITests.xctest */;
			productType = "com.apple.product-type.bundle.ui-testing";
		};
/* End PBXNativeTarget section */

/* Begin PBXProject section */
		DC78B5642B9BBEB400A8D964 /* Project object */ = {
			isa = PBXProject;
			attributes = {
				BuildIndependentTargetsInParallel = 1;
				LastSwiftUpdateCheck = 1500;
				LastUpgradeCheck = 1500;
				TargetAttributes = {
					DC78B56B2B9BBEB400A8D964 = {
						CreatedOnToolsVersion = 15.0.1;
					};
					DC78B57B2B9BBEB600A8D964 = {
						CreatedOnToolsVersion = 15.0.1;
						TestTargetID = DC78B56B2B9BBEB400A8D964;
					};
					DC78B5852B9BBEB600A8D964 = {
						CreatedOnToolsVersion = 15.0.1;
						TestTargetID = DC78B56B2B9BBEB400A8D964;
					};
				};
			};
			buildConfigurationList = DC78B5672B9BBEB400A8D964 /* Build configuration list for PBXProject "MileageMaster" */;
			compatibilityVersion = "Xcode 14.0";
			developmentRegion = en;
			hasScannedForEncodings = 0;
			knownRegions = (
				en,
				Base,
			);
			mainGroup = DC78B5632B9BBEB400A8D964;
			packageReferences = (
				DC65C32F2BCA6746001990F9 /* XCRemoteSwiftPackageReference "GoogleSignIn-iOS" */,
			);
			productRefGroup = DC78B56D2B9BBEB400A8D964 /* Products */;
			projectDirPath = "";
			projectRoot = "";
			targets = (
				DC78B56B2B9BBEB400A8D964 /* MileageMaster */,
				DC78B57B2B9BBEB600A8D964 /* MileageMasterTests */,
				DC78B5852B9BBEB600A8D964 /* MileageMasterUITests */,
			);
		};
/* End PBXProject section */

/* Begin PBXResourcesBuildPhase section */
		DC78B56A2B9BBEB400A8D964 /* Resources */ = {
			isa = PBXResourcesBuildPhase;
			buildActionMask = 2147483647;
			files = (
				DC78B5772B9BBEB600A8D964 /* Preview Assets.xcassets in Resources */,
				DC78B5742B9BBEB600A8D964 /* Assets.xcassets in Resources */,
			);
			runOnlyForDeploymentPostprocessing = 0;
		};
		DC78B57A2B9BBEB600A8D964 /* Resources */ = {
			isa = PBXResourcesBuildPhase;
			buildActionMask = 2147483647;
			files = (
			);
			runOnlyForDeploymentPostprocessing = 0;
		};
		DC78B5842B9BBEB600A8D964 /* Resources */ = {
			isa = PBXResourcesBuildPhase;
			buildActionMask = 2147483647;
			files = (
			);
			runOnlyForDeploymentPostprocessing = 0;
		};
/* End PBXResourcesBuildPhase section */

/* Begin PBXSourcesBuildPhase section */
		DC78B5682B9BBEB400A8D964 /* Sources */ = {
			isa = PBXSourcesBuildPhase;
			buildActionMask = 2147483647;
			files = (
				DCBE85242BCCE0BA00DC64E5 /* MileageMasterData.swift in Sources */,
				DC78B5A12B9BC0FA00A8D964 /* Main.swift in Sources */,
				DC78B5A52B9BC59300A8D964 /* Dashboard.swift in Sources */,
				DC43B9682BCD1A1F00F0145D /* Loader.swift in Sources */,
				DCD97F562BA28979002DAFE5 /* MyCars.swift in Sources */,
				DC78B5702B9BBEB400A8D964 /* MileageMasterApp.swift in Sources */,
				DC2A9DC32BA054BB0018563A /* ListCars.swift in Sources */,
				DC2A9DB62BA04DD50018563A /* GraphQLOperation.swift in Sources */,
				DCD97F5A2BA28C74002DAFE5 /* CarView.swift in Sources */,
				DC2A9DB82BA04E640018563A /* GraphQLResult.swift in Sources */,
				DC2A9DBF2BA050AE0018563A /* Account.swift in Sources */,
				DC2A9DBA2BA04EB70018563A /* GraphQLAPI.swift in Sources */,
				DC78B5AD2B9C02AD00A8D964 /* LineGraph.swift in Sources */,
				DC43B9662BCD143D00F0145D /* EntryController.swift in Sources */,
				DC2A9DC12BA053B50018563A /* Entry.swift in Sources */,
				DC2A9DB22BA0351E0018563A /* GeneralSettings.swift in Sources */,
				DC78B5AF2B9C3EBD00A8D964 /* ChartContainer.swift in Sources */,
				DCD9A2342BCE1B44000DBBED /* OpenViewBtn.swift in Sources */,
				DC78B5AB2B9BC5B500A8D964 /* Settings.swift in Sources */,
				DC2A9DB42BA04D380018563A /* URLSession+Async.swift in Sources */,
				DC78B5A92B9BC5AE00A8D964 /* RefillLogs.swift in Sources */,
				DC2A9DBD2BA050340018563A /* Car.swift in Sources */,
				DC43B9642BCD091E00F0145D /* CarController.swift in Sources */,
				DC43B96C2BCD257100F0145D /* EntryView.swift in Sources */,
				DC78B5A72B9BC59D00A8D964 /* ServiceBook.swift in Sources */,
				DC43B96A2BCD1B1E00F0145D /* EntryListItem.swift in Sources */,
			);
			runOnlyForDeploymentPostprocessing = 0;
		};
		DC78B5782B9BBEB600A8D964 /* Sources */ = {
			isa = PBXSourcesBuildPhase;
			buildActionMask = 2147483647;
			files = (
				DC78B5812B9BBEB600A8D964 /* MileageMasterTests.swift in Sources */,
			);
			runOnlyForDeploymentPostprocessing = 0;
		};
		DC78B5822B9BBEB600A8D964 /* Sources */ = {
			isa = PBXSourcesBuildPhase;
			buildActionMask = 2147483647;
			files = (
				DC78B58B2B9BBEB600A8D964 /* MileageMasterUITests.swift in Sources */,
				DC78B58D2B9BBEB600A8D964 /* MileageMasterUITestsLaunchTests.swift in Sources */,
			);
			runOnlyForDeploymentPostprocessing = 0;
		};
/* End PBXSourcesBuildPhase section */

/* Begin PBXTargetDependency section */
		DC78B57E2B9BBEB600A8D964 /* PBXTargetDependency */ = {
			isa = PBXTargetDependency;
			target = DC78B56B2B9BBEB400A8D964 /* MileageMaster */;
			targetProxy = DC78B57D2B9BBEB600A8D964 /* PBXContainerItemProxy */;
		};
		DC78B5882B9BBEB600A8D964 /* PBXTargetDependency */ = {
			isa = PBXTargetDependency;
			target = DC78B56B2B9BBEB400A8D964 /* MileageMaster */;
			targetProxy = DC78B5872B9BBEB600A8D964 /* PBXContainerItemProxy */;
		};
/* End PBXTargetDependency section */

/* Begin XCBuildConfiguration section */
		DC78B58E2B9BBEB600A8D964 /* Debug */ = {
			isa = XCBuildConfiguration;
			buildSettings = {
				ALWAYS_SEARCH_USER_PATHS = NO;
				ASSETCATALOG_COMPILER_GENERATE_SWIFT_ASSET_SYMBOL_EXTENSIONS = YES;
				CLANG_ANALYZER_NONNULL = YES;
				CLANG_ANALYZER_NUMBER_OBJECT_CONVERSION = YES_AGGRESSIVE;
				CLANG_CXX_LANGUAGE_STANDARD = "gnu++20";
				CLANG_ENABLE_MODULES = YES;
				CLANG_ENABLE_OBJC_ARC = YES;
				CLANG_ENABLE_OBJC_WEAK = YES;
				CLANG_WARN_BLOCK_CAPTURE_AUTORELEASING = YES;
				CLANG_WARN_BOOL_CONVERSION = YES;
				CLANG_WARN_COMMA = YES;
				CLANG_WARN_CONSTANT_CONVERSION = YES;
				CLANG_WARN_DEPRECATED_OBJC_IMPLEMENTATIONS = YES;
				CLANG_WARN_DIRECT_OBJC_ISA_USAGE = YES_ERROR;
				CLANG_WARN_DOCUMENTATION_COMMENTS = YES;
				CLANG_WARN_EMPTY_BODY = YES;
				CLANG_WARN_ENUM_CONVERSION = YES;
				CLANG_WARN_INFINITE_RECURSION = YES;
				CLANG_WARN_INT_CONVERSION = YES;
				CLANG_WARN_NON_LITERAL_NULL_CONVERSION = YES;
				CLANG_WARN_OBJC_IMPLICIT_RETAIN_SELF = YES;
				CLANG_WARN_OBJC_LITERAL_CONVERSION = YES;
				CLANG_WARN_OBJC_ROOT_CLASS = YES_ERROR;
				CLANG_WARN_QUOTED_INCLUDE_IN_FRAMEWORK_HEADER = YES;
				CLANG_WARN_RANGE_LOOP_ANALYSIS = YES;
				CLANG_WARN_STRICT_PROTOTYPES = YES;
				CLANG_WARN_SUSPICIOUS_MOVE = YES;
				CLANG_WARN_UNGUARDED_AVAILABILITY = YES_AGGRESSIVE;
				CLANG_WARN_UNREACHABLE_CODE = YES;
				CLANG_WARN__DUPLICATE_METHOD_MATCH = YES;
				COPY_PHASE_STRIP = NO;
				DEBUG_INFORMATION_FORMAT = dwarf;
				ENABLE_STRICT_OBJC_MSGSEND = YES;
				ENABLE_TESTABILITY = YES;
				ENABLE_USER_SCRIPT_SANDBOXING = YES;
				GCC_C_LANGUAGE_STANDARD = gnu17;
				GCC_DYNAMIC_NO_PIC = NO;
				GCC_NO_COMMON_BLOCKS = YES;
				GCC_OPTIMIZATION_LEVEL = 0;
				GCC_PREPROCESSOR_DEFINITIONS = (
					"DEBUG=1",
					"$(inherited)",
				);
				GCC_WARN_64_TO_32_BIT_CONVERSION = YES;
				GCC_WARN_ABOUT_RETURN_TYPE = YES_ERROR;
				GCC_WARN_UNDECLARED_SELECTOR = YES;
				GCC_WARN_UNINITIALIZED_AUTOS = YES_AGGRESSIVE;
				GCC_WARN_UNUSED_FUNCTION = YES;
				GCC_WARN_UNUSED_VARIABLE = YES;
				IPHONEOS_DEPLOYMENT_TARGET = 17.0;
				LOCALIZATION_PREFERS_STRING_CATALOGS = YES;
				MTL_ENABLE_DEBUG_INFO = INCLUDE_SOURCE;
				MTL_FAST_MATH = YES;
				ONLY_ACTIVE_ARCH = YES;
				SDKROOT = iphoneos;
				SWIFT_ACTIVE_COMPILATION_CONDITIONS = "DEBUG $(inherited)";
				SWIFT_OPTIMIZATION_LEVEL = "-Onone";
			};
			name = Debug;
		};
		DC78B58F2B9BBEB600A8D964 /* Release */ = {
			isa = XCBuildConfiguration;
			buildSettings = {
				ALWAYS_SEARCH_USER_PATHS = NO;
				ASSETCATALOG_COMPILER_GENERATE_SWIFT_ASSET_SYMBOL_EXTENSIONS = YES;
				CLANG_ANALYZER_NONNULL = YES;
				CLANG_ANALYZER_NUMBER_OBJECT_CONVERSION = YES_AGGRESSIVE;
				CLANG_CXX_LANGUAGE_STANDARD = "gnu++20";
				CLANG_ENABLE_MODULES = YES;
				CLANG_ENABLE_OBJC_ARC = YES;
				CLANG_ENABLE_OBJC_WEAK = YES;
				CLANG_WARN_BLOCK_CAPTURE_AUTORELEASING = YES;
				CLANG_WARN_BOOL_CONVERSION = YES;
				CLANG_WARN_COMMA = YES;
				CLANG_WARN_CONSTANT_CONVERSION = YES;
				CLANG_WARN_DEPRECATED_OBJC_IMPLEMENTATIONS = YES;
				CLANG_WARN_DIRECT_OBJC_ISA_USAGE = YES_ERROR;
				CLANG_WARN_DOCUMENTATION_COMMENTS = YES;
				CLANG_WARN_EMPTY_BODY = YES;
				CLANG_WARN_ENUM_CONVERSION = YES;
				CLANG_WARN_INFINITE_RECURSION = YES;
				CLANG_WARN_INT_CONVERSION = YES;
				CLANG_WARN_NON_LITERAL_NULL_CONVERSION = YES;
				CLANG_WARN_OBJC_IMPLICIT_RETAIN_SELF = YES;
				CLANG_WARN_OBJC_LITERAL_CONVERSION = YES;
				CLANG_WARN_OBJC_ROOT_CLASS = YES_ERROR;
				CLANG_WARN_QUOTED_INCLUDE_IN_FRAMEWORK_HEADER = YES;
				CLANG_WARN_RANGE_LOOP_ANALYSIS = YES;
				CLANG_WARN_STRICT_PROTOTYPES = YES;
				CLANG_WARN_SUSPICIOUS_MOVE = YES;
				CLANG_WARN_UNGUARDED_AVAILABILITY = YES_AGGRESSIVE;
				CLANG_WARN_UNREACHABLE_CODE = YES;
				CLANG_WARN__DUPLICATE_METHOD_MATCH = YES;
				COPY_PHASE_STRIP = NO;
				DEBUG_INFORMATION_FORMAT = "dwarf-with-dsym";
				ENABLE_NS_ASSERTIONS = NO;
				ENABLE_STRICT_OBJC_MSGSEND = YES;
				ENABLE_USER_SCRIPT_SANDBOXING = YES;
				GCC_C_LANGUAGE_STANDARD = gnu17;
				GCC_NO_COMMON_BLOCKS = YES;
				GCC_WARN_64_TO_32_BIT_CONVERSION = YES;
				GCC_WARN_ABOUT_RETURN_TYPE = YES_ERROR;
				GCC_WARN_UNDECLARED_SELECTOR = YES;
				GCC_WARN_UNINITIALIZED_AUTOS = YES_AGGRESSIVE;
				GCC_WARN_UNUSED_FUNCTION = YES;
				GCC_WARN_UNUSED_VARIABLE = YES;
				IPHONEOS_DEPLOYMENT_TARGET = 17.0;
				LOCALIZATION_PREFERS_STRING_CATALOGS = YES;
				MTL_ENABLE_DEBUG_INFO = NO;
				MTL_FAST_MATH = YES;
				SDKROOT = iphoneos;
				SWIFT_COMPILATION_MODE = wholemodule;
				VALIDATE_PRODUCT = YES;
			};
			name = Release;
		};
		DC78B5912B9BBEB600A8D964 /* Debug */ = {
			isa = XCBuildConfiguration;
			buildSettings = {
				ASSETCATALOG_COMPILER_APPICON_NAME = AppIcon;
				ASSETCATALOG_COMPILER_GLOBAL_ACCENT_COLOR_NAME = AccentColor;
				CODE_SIGN_STYLE = Automatic;
				CURRENT_PROJECT_VERSION = 1;
				DEVELOPMENT_ASSET_PATHS = "\"MileageMaster/Preview Content\"";
				DEVELOPMENT_TEAM = Z5ZBL6VG32;
				ENABLE_PREVIEWS = YES;
				GENERATE_INFOPLIST_FILE = YES;
				INFOPLIST_FILE = MileageMaster/Info.plist;
				INFOPLIST_KEY_UIApplicationSceneManifest_Generation = YES;
				INFOPLIST_KEY_UIApplicationSupportsIndirectInputEvents = YES;
				INFOPLIST_KEY_UILaunchScreen_Generation = YES;
				INFOPLIST_KEY_UISupportedInterfaceOrientations_iPad = "UIInterfaceOrientationPortrait UIInterfaceOrientationPortraitUpsideDown UIInterfaceOrientationLandscapeLeft UIInterfaceOrientationLandscapeRight";
				INFOPLIST_KEY_UISupportedInterfaceOrientations_iPhone = "UIInterfaceOrientationPortrait UIInterfaceOrientationLandscapeLeft UIInterfaceOrientationLandscapeRight";
				LD_RUNPATH_SEARCH_PATHS = (
					"$(inherited)",
					"@executable_path/Frameworks",
				);
				MARKETING_VERSION = 1.0;
				PRODUCT_BUNDLE_IDENTIFIER = com.jessejwatson.MileageMaster;
				PRODUCT_NAME = "$(TARGET_NAME)";
				SWIFT_EMIT_LOC_STRINGS = YES;
				SWIFT_VERSION = 5.0;
				TARGETED_DEVICE_FAMILY = "1,2";
			};
			name = Debug;
		};
		DC78B5922B9BBEB600A8D964 /* Release */ = {
			isa = XCBuildConfiguration;
			buildSettings = {
				ASSETCATALOG_COMPILER_APPICON_NAME = AppIcon;
				ASSETCATALOG_COMPILER_GLOBAL_ACCENT_COLOR_NAME = AccentColor;
				CODE_SIGN_STYLE = Automatic;
				CURRENT_PROJECT_VERSION = 1;
				DEVELOPMENT_ASSET_PATHS = "\"MileageMaster/Preview Content\"";
				DEVELOPMENT_TEAM = Z5ZBL6VG32;
				ENABLE_PREVIEWS = YES;
				GENERATE_INFOPLIST_FILE = YES;
				INFOPLIST_FILE = MileageMaster/Info.plist;
				INFOPLIST_KEY_UIApplicationSceneManifest_Generation = YES;
				INFOPLIST_KEY_UIApplicationSupportsIndirectInputEvents = YES;
				INFOPLIST_KEY_UILaunchScreen_Generation = YES;
				INFOPLIST_KEY_UISupportedInterfaceOrientations_iPad = "UIInterfaceOrientationPortrait UIInterfaceOrientationPortraitUpsideDown UIInterfaceOrientationLandscapeLeft UIInterfaceOrientationLandscapeRight";
				INFOPLIST_KEY_UISupportedInterfaceOrientations_iPhone = "UIInterfaceOrientationPortrait UIInterfaceOrientationLandscapeLeft UIInterfaceOrientationLandscapeRight";
				LD_RUNPATH_SEARCH_PATHS = (
					"$(inherited)",
					"@executable_path/Frameworks",
				);
				MARKETING_VERSION = 1.0;
				PRODUCT_BUNDLE_IDENTIFIER = com.jessejwatson.MileageMaster;
				PRODUCT_NAME = "$(TARGET_NAME)";
				SWIFT_EMIT_LOC_STRINGS = YES;
				SWIFT_VERSION = 5.0;
				TARGETED_DEVICE_FAMILY = "1,2";
			};
			name = Release;
		};
		DC78B5942B9BBEB600A8D964 /* Debug */ = {
			isa = XCBuildConfiguration;
			buildSettings = {
				ALWAYS_EMBED_SWIFT_STANDARD_LIBRARIES = YES;
				BUNDLE_LOADER = "$(TEST_HOST)";
				CODE_SIGN_STYLE = Automatic;
				CURRENT_PROJECT_VERSION = 1;
				DEVELOPMENT_TEAM = Z5ZBL6VG32;
				GENERATE_INFOPLIST_FILE = YES;
				IPHONEOS_DEPLOYMENT_TARGET = 17.0;
				MARKETING_VERSION = 1.0;
				PRODUCT_BUNDLE_IDENTIFIER = com.jessejwatson.MileageMasterTests;
				PRODUCT_NAME = "$(TARGET_NAME)";
				SWIFT_EMIT_LOC_STRINGS = NO;
				SWIFT_VERSION = 5.0;
				TARGETED_DEVICE_FAMILY = "1,2";
				TEST_HOST = "$(BUILT_PRODUCTS_DIR)/MileageMaster.app/$(BUNDLE_EXECUTABLE_FOLDER_PATH)/MileageMaster";
			};
			name = Debug;
		};
		DC78B5952B9BBEB600A8D964 /* Release */ = {
			isa = XCBuildConfiguration;
			buildSettings = {
				ALWAYS_EMBED_SWIFT_STANDARD_LIBRARIES = YES;
				BUNDLE_LOADER = "$(TEST_HOST)";
				CODE_SIGN_STYLE = Automatic;
				CURRENT_PROJECT_VERSION = 1;
				DEVELOPMENT_TEAM = Z5ZBL6VG32;
				GENERATE_INFOPLIST_FILE = YES;
				IPHONEOS_DEPLOYMENT_TARGET = 17.0;
				MARKETING_VERSION = 1.0;
				PRODUCT_BUNDLE_IDENTIFIER = com.jessejwatson.MileageMasterTests;
				PRODUCT_NAME = "$(TARGET_NAME)";
				SWIFT_EMIT_LOC_STRINGS = NO;
				SWIFT_VERSION = 5.0;
				TARGETED_DEVICE_FAMILY = "1,2";
				TEST_HOST = "$(BUILT_PRODUCTS_DIR)/MileageMaster.app/$(BUNDLE_EXECUTABLE_FOLDER_PATH)/MileageMaster";
			};
			name = Release;
		};
		DC78B5972B9BBEB600A8D964 /* Debug */ = {
			isa = XCBuildConfiguration;
			buildSettings = {
				ALWAYS_EMBED_SWIFT_STANDARD_LIBRARIES = YES;
				CODE_SIGN_STYLE = Automatic;
				CURRENT_PROJECT_VERSION = 1;
				DEVELOPMENT_TEAM = Z5ZBL6VG32;
				GENERATE_INFOPLIST_FILE = YES;
				MARKETING_VERSION = 1.0;
				PRODUCT_BUNDLE_IDENTIFIER = com.jessejwatson.MileageMasterUITests;
				PRODUCT_NAME = "$(TARGET_NAME)";
				SWIFT_EMIT_LOC_STRINGS = NO;
				SWIFT_VERSION = 5.0;
				TARGETED_DEVICE_FAMILY = "1,2";
				TEST_TARGET_NAME = MileageMaster;
			};
			name = Debug;
		};
		DC78B5982B9BBEB600A8D964 /* Release */ = {
			isa = XCBuildConfiguration;
			buildSettings = {
				ALWAYS_EMBED_SWIFT_STANDARD_LIBRARIES = YES;
				CODE_SIGN_STYLE = Automatic;
				CURRENT_PROJECT_VERSION = 1;
				DEVELOPMENT_TEAM = Z5ZBL6VG32;
				GENERATE_INFOPLIST_FILE = YES;
				MARKETING_VERSION = 1.0;
				PRODUCT_BUNDLE_IDENTIFIER = com.jessejwatson.MileageMasterUITests;
				PRODUCT_NAME = "$(TARGET_NAME)";
				SWIFT_EMIT_LOC_STRINGS = NO;
				SWIFT_VERSION = 5.0;
				TARGETED_DEVICE_FAMILY = "1,2";
				TEST_TARGET_NAME = MileageMaster;
			};
			name = Release;
		};
/* End XCBuildConfiguration section */

/* Begin XCConfigurationList section */
		DC78B5672B9BBEB400A8D964 /* Build configuration list for PBXProject "MileageMaster" */ = {
			isa = XCConfigurationList;
			buildConfigurations = (
				DC78B58E2B9BBEB600A8D964 /* Debug */,
				DC78B58F2B9BBEB600A8D964 /* Release */,
			);
			defaultConfigurationIsVisible = 0;
			defaultConfigurationName = Release;
		};
		DC78B5902B9BBEB600A8D964 /* Build configuration list for PBXNativeTarget "MileageMaster" */ = {
			isa = XCConfigurationList;
			buildConfigurations = (
				DC78B5912B9BBEB600A8D964 /* Debug */,
				DC78B5922B9BBEB600A8D964 /* Release */,
			);
			defaultConfigurationIsVisible = 0;
			defaultConfigurationName = Release;
		};
		DC78B5932B9BBEB600A8D964 /* Build configuration list for PBXNativeTarget "MileageMasterTests" */ = {
			isa = XCConfigurationList;
			buildConfigurations = (
				DC78B5942B9BBEB600A8D964 /* Debug */,
				DC78B5952B9BBEB600A8D964 /* Release */,
			);
			defaultConfigurationIsVisible = 0;
			defaultConfigurationName = Release;
		};
		DC78B5962B9BBEB600A8D964 /* Build configuration list for PBXNativeTarget "MileageMasterUITests" */ = {
			isa = XCConfigurationList;
			buildConfigurations = (
				DC78B5972B9BBEB600A8D964 /* Debug */,
				DC78B5982B9BBEB600A8D964 /* Release */,
			);
			defaultConfigurationIsVisible = 0;
			defaultConfigurationName = Release;
		};
/* End XCConfigurationList section */

/* Begin XCRemoteSwiftPackageReference section */
		DC65C32F2BCA6746001990F9 /* XCRemoteSwiftPackageReference "GoogleSignIn-iOS" */ = {
			isa = XCRemoteSwiftPackageReference;
			repositoryURL = "https://github.com/google/GoogleSignIn-iOS";
			requirement = {
				kind = upToNextMajorVersion;
				minimumVersion = 7.1.0;
			};
		};
/* End XCRemoteSwiftPackageReference section */

/* Begin XCSwiftPackageProductDependency section */
		DC65C3302BCA6746001990F9 /* GoogleSignIn */ = {
			isa = XCSwiftPackageProductDependency;
			package = DC65C32F2BCA6746001990F9 /* XCRemoteSwiftPackageReference "GoogleSignIn-iOS" */;
			productName = GoogleSignIn;
		};
		DC65C3322BCA6746001990F9 /* GoogleSignInSwift */ = {
			isa = XCSwiftPackageProductDependency;
			package = DC65C32F2BCA6746001990F9 /* XCRemoteSwiftPackageReference "GoogleSignIn-iOS" */;
			productName = GoogleSignInSwift;
		};
/* End XCSwiftPackageProductDependency section */
	};
	rootObject = DC78B5642B9BBEB400A8D964 /* Project object */;
}
